
Microsoft Visual Studio Solution File, Format Version 12.00
# Visual Studio Version 17
VisualStudioVersion = 17.7.33808.371
MinimumVisualStudioVersion = 10.0.40219.1
Project("{9A19103F-16F7-4668-BE54-9A1E7A4F7556}") = "BulkyWeb", "BulkyWeb\BulkyWeb.csproj", "{84BB8027-DC3B-49FC-937E-D97B042F6CAC}"
EndProject
Project("{9A19103F-16F7-4668-BE54-9A1E7A4F7556}") = "Bulky.DataAccess", "Bulky.DataAccess\Bulky.DataAccess.csproj", "{429908E0-8AB4-40B7-9045-4F5CF10AB9B0}"
EndProject
Project("{9A19103F-16F7-4668-BE54-9A1E7A4F7556}") = "Bulky.Utility", "Bulky.Utility\Bulky.Utility.csproj", "{57DCE767-4CD5-4F0B-A400-FEA17080F953}"
EndProject
Project("{9A19103F-16F7-4668-BE54-9A1E7A4F7556}") = "Bulky.Models", "Bulky.Models\Bulky.Models.csproj", "{27C25359-DCE6-4224-9204-EF57761F0F81}"
EndProject
Global
	GlobalSection(SolutionConfigurationPlatforms) = preSolution
		Debug|Any CPU = Debug|Any CPU
		Release|Any CPU = Release|Any CPU
	EndGlobalSection
	GlobalSection(ProjectConfigurationPlatforms) = postSolution
		{84BB8027-DC3B-49FC-937E-D97B042F6CAC}.Debug|Any CPU.ActiveCfg = Debug|Any CPU
		{84BB8027-DC3B-49FC-937E-D97B042F6CAC}.Debug|Any CPU.Build.0 = Debug|Any CPU
		{84BB8027-DC3B-49FC-937E-D97B042F6CAC}.Release|Any CPU.ActiveCfg = Release|Any CPU
		{84BB8027-DC3B-49FC-937E-D97B042F6CAC}.Release|Any CPU.Build.0 = Release|Any CPU
		{429908E0-8AB4-40B7-9045-4F5CF10AB9B0}.Debug|Any CPU.ActiveCfg = Debug|Any CPU
		{429908E0-8AB4-40B7-9045-4F5CF10AB9B0}.Debug|Any CPU.Build.0 = Debug|Any CPU
		{429908E0-8AB4-40B7-9045-4F5CF10AB9B0}.Release|Any CPU.ActiveCfg = Release|Any CPU
		{429908E0-8AB4-40B7-9045-4F5CF10AB9B0}.Release|Any CPU.Build.0 = Release|Any CPU
		{57DCE767-4CD5-4F0B-A400-FEA17080F953}.Debug|Any CPU.ActiveCfg = Debug|Any CPU
		{57DCE767-4CD5-4F0B-A400-FEA17080F953}.Debug|Any CPU.Build.0 = Debug|Any CPU
		{57DCE767-4CD5-4F0B-A400-FEA17080F953}.Release|Any CPU.ActiveCfg = Release|Any CPU
		{57DCE767-4CD5-4F0B-A400-FEA17080F953}.Release|Any CPU.Build.0 = Release|Any CPU
		{27C25359-DCE6-4224-9204-EF57761F0F81}.Debug|Any CPU.ActiveCfg = Debug|Any CPU
		{27C25359-DCE6-4224-9204-EF57761F0F81}.Debug|Any CPU.Build.0 = Debug|Any CPU
		{27C25359-DCE6-4224-9204-EF57761F0F81}.Release|Any CPU.ActiveCfg = Release|Any CPU
		{27C25359-DCE6-4224-9204-EF57761F0F81}.Release|Any CPU.Build.0 = Release|Any CPU
	EndGlobalSection
	GlobalSection(SolutionProperties) = preSolution
		HideSolutionNode = FALSE
	EndGlobalSection
	GlobalSection(ExtensibilityGlobals) = postSolution
		SolutionGuid = {E5B81109-3969-41A1-A8C7-6A81D62A22E0}
	EndGlobalSection
EndGlobal
